{
  "name": "uivs",
  "version": "0.1.0",
  "lockfileVersion": 3,
  "requires": true,
  "packages": {
    "": {
      "name": "uivs",
      "version": "0.1.0",
      "license": "MIT",
      "dependencies": {
        "htmltojsx": "^0.3.0"
      },
      "bin": {
        "uivs": "bin/uivs.js"
      },
      "engines": {
        "node": ">=18"
      }
    },
    "node_modules/ajv": {
      "version": "6.15.0",
      "license": "MIT",
      "dependencies": {
        "fast-deep-equal": "^3.1.1",
        "fast-json-stable-stringify": "^2.0.0",
        "json-schema-traverse": "^0.4.1",
        "uri-js": "^4.2.2"
      },
      "funding": {
        "type": "github",
        "url": "https://github.com/sponsors/epoberezkin"
      }
    },
    "node_modules/ansi-regex": {
      "version": "2.1.1",
      "license": "MIT",
      "engines": {
        "node": ">=0.10.0"
      }
    },
    "node_modules/asap": {
      "version": "2.0.6",
      "license": "MIT"
    },
    "node_modules/asn1": {
      "version": "0.2.6",
      "license": "MIT",
      "dependencies": {
        "safer-buffer": "~2.1.0"
      }
    },
    "node_modules/assert-plus": {
      "version": "1.0.0",
      "license": "MIT",
      "engines": {
        "node": ">=0.8"
      }
    },
    "node_modules/asynckit": {
      "version": "0.4.0",
      "license": "MIT"
    },
    "node_modules/aws-sign2": {
      "version": "0.7.0",
      "license": "Apache-2.0",
      "engines": {
        "node": "*"
      }
    },
    "node_modules/aws4": {
      "version": "1.13.2",
      "license": "MIT"
    },
    "node_modules/bcrypt-pbkdf": {
      "version": "1.0.2",
      "license": "BSD-3-Clause",
      "dependencies": {
        "tweetnacl": "^0.14.3"
      }
    },
    "node_modules/browser-request": {
      "version": "0.3.3",
      "engines": [
        "node"
      ]
    },
    "node_modules/camelcase": {
      "version": "2.1.1",
      "license": "MIT",
      "engines": {
        "node": ">=0.10.0"
      }
    },
    "node_modules/caseless": {
      "version": "0.12.0",
      "license": "Apache-2.0"
    },
    "node_modules/cliui": {
      "version": "3.2.0",
      "license": "ISC",
      "dependencies": {
        "string-width": "^1.0.1",
        "strip-ansi": "^3.0.1",
        "wrap-ansi": "^2.0.0"
      }
    },
    "node_modules/code-point-at": {
      "version": "1.1.0",
      "license": "MIT",
      "engines": {
        "node": ">=0.10.0"
      }
    },
    "node_modules/combined-stream": {
      "version": "1.0.8",
      "license": "MIT",
      "dependencies": {
        "delayed-stream": "~1.0.0"
      },
      "engines": {
        "node": ">= 0.8"
      }
    },
    "node_modules/core-js": {
      "version": "1.2.7",
      "license": "MIT"
    },
    "node_modules/core-util-is": {
      "version": "1.0.2",
      "license": "MIT"
    },
    "node_modules/cssom": {
      "version": "0.3.8",
      "license": "MIT"
    },
    "node_modules/cssstyle": {
      "version": "0.2.37",
      "license": "MIT",
      "dependencies": {
        "cssom": "0.3.x"
      }
    },
    "node_modules/dashdash": {
      "version": "1.14.1",
      "license": "MIT",
      "dependencies": {
        "assert-plus": "^1.0.0"
      },
      "engines": {
        "node": ">=0.10"
      }
    },
    "node_modules/decamelize": {
      "version": "1.2.0",
      "license": "MIT",
      "engines": {
        "node": ">=0.10.0"
      }
    },
    "node_modules/delayed-stream": {
      "version": "1.0.0",
      "license": "MIT",
      "engines": {
        "node": ">=0.4.0"
      }
    },
    "node_modules/dom-serializer": {
      "version": "0.2.2",
      "license": "MIT",
      "dependencies": {
        "domelementtype": "^2.0.1",
        "entities": "^2.0.0"
      }
    },
    "node_modules/dom-serializer/node_modules/domelementtype": {
      "version": "2.3.0",
      "funding": [
        {
          "type": "github",
          "url": "https://github.com/sponsors/fb55"
        }
      ],
      "license": "BSD-2-Clause"
    },
    "node_modules/dom-serializer/node_modules/entities": {
      "version": "2.2.0",
      "license": "BSD-2-Clause",
      "funding": {
        "url": "https://github.com/fb55/entities?sponsor=1"
      }
    },
    "node_modules/domelementtype": {
      "version": "1.3.1",
      "license": "BSD-2-Clause"
    },
    "node_modules/domhandler": {
      "version": "2.4.2",
      "license": "BSD-2-Clause",
      "dependencies": {
        "domelementtype": "1"
      }
    },
    "node_modules/domutils": {
      "version": "1.7.0",
      "license": "BSD-2-Clause",
      "dependencies": {
        "dom-serializer": "0",
        "domelementtype": "1"
      }
    },
    "node_modules/ecc-jsbn": {
      "version": "0.1.2",
      "license": "MIT",
      "dependencies": {
        "jsbn": "~0.1.0",
        "safer-buffer": "^2.1.0"
      }
    },
    "node_modules/encoding": {
      "version": "0.1.13",
      "license": "MIT",
      "dependencies": {
        "iconv-lite": "^0.6.2"
      }
    },
    "node_modules/entities": {
      "version": "1.1.2",
      "license": "BSD-2-Clause"
    },
    "node_modules/error-ex": {
      "version": "1.3.4",
      "license": "MIT",
      "dependencies": {
        "is-arrayish": "^0.2.1"
      }
    },
    "node_modules/es-errors": {
      "version": "1.3.0",
      "license": "MIT",
      "engines": {
        "node": ">= 0.4"
      }
    },
    "node_modules/extend": {
      "version": "3.0.2",
      "license": "MIT"
    },
    "node_modules/extsprintf": {
      "version": "1.3.0",
      "engines": [
        "node >=0.6.0"
      ],
      "license": "MIT"
    },
    "node_modules/fast-deep-equal": {
      "version": "3.1.3",
      "license": "MIT"
    },
    "node_modules/fast-json-stable-stringify": {
      "version": "2.1.0",
      "license": "MIT"
    },
    "node_modules/fbjs": {
      "version": "0.8.18",
      "license": "MIT",
      "dependencies": {
        "core-js": "^1.0.0",
        "isomorphic-fetch": "^2.1.1",
        "loose-envify": "^1.0.0",
        "object-assign": "^4.1.0",
        "promise": "^7.1.1",
        "setimmediate": "^1.0.5",
        "ua-parser-js": "^0.7.30"
      }
    },
    "node_modules/find-up": {
      "version": "1.1.2",
      "license": "MIT",
      "dependencies": {
        "path-exists": "^2.0.0",
        "pinkie-promise": "^2.0.0"
      },
      "engines": {
        "node": ">=0.10.0"
      }
    },
    "node_modules/forever-agent": {
      "version": "0.6.1",
      "license": "Apache-2.0",
      "engines": {
        "node": "*"
      }
    },
    "node_modules/form-data": {
      "version": "2.3.3",
      "license": "MIT",
      "dependencies": {
        "asynckit": "^0.4.0",
        "combined-stream": "^1.0.6",
        "mime-types": "^2.1.12"
      },
      "engines": {
        "node": ">= 0.12"
      }
    },
    "node_modules/function-bind": {
      "version": "1.1.2",
      "license": "MIT",
      "funding": {
        "url": "https://github.com/sponsors/ljharb"
      }
    },
    "node_modules/getpass": {
      "version": "0.1.7",
      "license": "MIT",
      "dependencies": {
        "assert-plus": "^1.0.0"
      }
    },
    "node_modules/graceful-fs": {
      "version": "4.2.11",
      "license": "ISC"
    },
    "node_modules/har-schema": {
      "version": "2.0.0",
      "license": "ISC",
      "engines": {
        "node": ">=4"
      }
    },
    "node_modules/har-validator": {
      "version": "5.1.5",
      "license": "MIT",
      "dependencies": {
        "ajv": "^6.12.3",
        "har-schema": "^2.0.0"
      },
      "engines": {
        "node": ">=6"
      }
    },
    "node_modules/hasown": {
      "version": "2.0.4",
      "license": "MIT",
      "dependencies": {
        "function-bind": "^1.1.2"
      },
      "engines": {
        "node": ">= 0.4"
      }
    },
    "node_modules/hosted-git-info": {
      "version": "2.8.9",
      "license": "ISC"
    },
    "node_modules/htmlparser2": {
      "version": "3.10.1",
      "license": "MIT",
      "dependencies": {
        "domelementtype": "^1.3.1",
        "domhandler": "^2.3.0",
        "domutils": "^1.5.1",
        "entities": "^1.1.1",
        "inherits": "^2.0.1",
        "readable-stream": "^3.1.1"
      }
    },
    "node_modules/htmltojsx": {
      "version": "0.3.0",
      "license": "BSD-3-Clause",
      "dependencies": {
        "jsdom-no-contextify": "~3.1.0",
        "react": "~15.4.1",
        "react-dom": "~15.4.1",
        "yargs": "~4.6.0"
      },
      "bin": {
        "htmltojsx": "src/cli.js"
      }
    },
    "node_modules/http-signature": {
      "version": "1.2.0",
      "license": "MIT",
      "dependencies": {
        "assert-plus": "^1.0.0",
        "jsprim": "^1.2.2",
        "sshpk": "^1.7.0"
      },
      "engines": {
        "node": ">=0.8",
        "npm": ">=1.3.7"
      }
    },
    "node_modules/iconv-lite": {
      "version": "0.6.3",
      "license": "MIT",
      "dependencies": {
        "safer-buffer": ">= 2.1.2 < 3.0.0"
      },
      "engines": {
        "node": ">=0.10.0"
      }
    },
    "node_modules/inherits": {
      "version": "2.0.4",
      "license": "ISC"
    },
    "node_modules/invert-kv": {
      "version": "1.0.0",
      "license": "MIT",
      "engines": {
        "node": ">=0.10.0"
      }
    },
    "node_modules/is-arrayish": {
      "version": "0.2.1",
      "license": "MIT"
    },
    "node_modules/is-core-module": {
      "version": "2.16.2",
      "license": "MIT",
      "dependencies": {
        "hasown": "^2.0.3"
      },
      "engines": {
        "node": ">= 0.4"
      },
      "funding": {
        "url": "https://github.com/sponsors/ljharb"
      }
    },
    "node_modules/is-fullwidth-code-point": {
      "version": "1.0.0",
      "license": "MIT",
      "dependencies": {
        "number-is-nan": "^1.0.0"
      },
      "engines": {
        "node": ">=0.10.0"
      }
    },
    "node_modules/is-stream": {
      "version": "1.1.0",
      "license": "MIT",
      "engines": {
        "node": ">=0.10.0"
      }
    },
    "node_modules/is-typedarray": {
      "version": "1.0.0",
      "license": "MIT"
    },
    "node_modules/is-utf8": {
      "version": "0.2.1",
      "license": "MIT"
    },
    "node_modules/isomorphic-fetch": {
      "version": "2.2.1",
      "license": "MIT",
      "dependencies": {
        "node-fetch": "^1.0.1",
        "whatwg-fetch": ">=0.10.0"
      }
    },
    "node_modules/isstream": {
      "version": "0.1.2",
      "license": "MIT"
    },
    "node_modules/js-tokens": {
      "version": "4.0.0",
      "license": "MIT"
    },
    "node_modules/jsbn": {
      "version": "0.1.1",
      "license": "MIT"
    },
    "node_modules/jsdom-no-contextify": {
      "version": "3.1.0",
      "license": "MIT",
      "dependencies": {
        "browser-request": ">= 0.3.1 < 0.4.0",
        "cssom": ">= 0.3.0 < 0.4.0",
        "cssstyle": ">= 0.2.21 < 0.3.0",
        "htmlparser2": ">= 3.7.3 < 4.0.0",
        "nwmatcher": ">= 1.3.4 < 2.0.0",
        "parse5": ">= 1.3.1 < 2.0.0",
        "request": ">= 2.44.0 < 3.0.0",
        "xml-name-validator": "^1.0.0",
        "xmlhttprequest": ">= 1.6.0 < 2.0.0"
      }
    },
    "node_modules/json-schema": {
      "version": "0.4.0",
      "license": "(AFL-2.1 OR BSD-3-Clause)"
    },
    "node_modules/json-schema-traverse": {
      "version": "0.4.1",
      "license": "MIT"
    },
    "node_modules/json-stringify-safe": {
      "version": "5.0.1",
      "license": "ISC"
    },
    "node_modules/jsprim": {
      "version": "1.4.2",
      "license": "MIT",
      "dependencies": {
        "assert-plus": "1.0.0",
        "extsprintf": "1.3.0",
        "json-schema": "0.4.0",
        "verror": "1.10.0"
      },
      "engines": {
        "node": ">=0.6.0"
      }
    },
    "node_modules/lcid": {
      "version": "1.0.0",
      "license": "MIT",
      "dependencies": {
        "invert-kv": "^1.0.0"
      },
      "engines": {
        "node": ">=0.10.0"
      }
    },
    "node_modules/load-json-file": {
      "version": "1.1.0",
      "license": "MIT",
      "dependencies": {
        "graceful-fs": "^4.1.2",
        "parse-json": "^2.2.0",
        "pify": "^2.0.0",
        "pinkie-promise": "^2.0.0",
        "strip-bom": "^2.0.0"
      },
      "engines": {
        "node": ">=0.10.0"
      }
    },
    "node_modules/lodash.assign": {
      "version": "4.2.0",
      "license": "MIT"
    },
    "node_modules/loose-envify": {
      "version": "1.4.0",
      "license": "MIT",
      "dependencies": {
        "js-tokens": "^3.0.0 || ^4.0.0"
      },
      "bin": {
        "loose-envify": "cli.js"
      }
    },
    "node_modules/mime-db": {
      "version": "1.52.0",
      "license": "MIT",
      "engines": {
        "node": ">= 0.6"
      }
    },
    "node_modules/mime-types": {
      "version": "2.1.35",
      "license": "MIT",
      "dependencies": {
        "mime-db": "1.52.0"
      },
      "engines": {
        "node": ">= 0.6"
      }
    },
    "node_modules/node-fetch": {
      "version": "1.7.3",
      "license": "MIT",
      "dependencies": {
        "encoding": "^0.1.11",
        "is-stream": "^1.0.1"
      }
    },
    "node_modules/normalize-package-data": {
      "version": "2.5.0",
      "license": "BSD-2-Clause",
      "dependencies": {
        "hosted-git-info": "^2.1.4",
        "resolve": "^1.10.0",
        "semver": "2 || 3 || 4 || 5",
        "validate-npm-package-license": "^3.0.1"
      }
    },
    "node_modules/number-is-nan": {
      "version": "1.0.1",
      "license": "MIT",
      "engines": {
        "node": ">=0.10.0"
      }
    },
    "node_modules/nwmatcher": {
      "version": "1.4.4",
      "license": "MIT"
    },
    "node_modules/oauth-sign": {
      "version": "0.9.0",
      "license": "Apache-2.0",
      "engines": {
        "node": "*"
      }
    },
    "node_modules/object-assign": {
      "version": "4.1.1",
      "license": "MIT",
      "engines": {
        "node": ">=0.10.0"
      }
    },
    "node_modules/os-locale": {
      "version": "1.4.0",
      "license": "MIT",
      "dependencies": {
        "lcid": "^1.0.0"
      },
      "engines": {
        "node": ">=0.10.0"
      }
    },
    "node_modules/parse-json": {
      "version": "2.2.0",
      "license": "MIT",
      "dependencies": {
        "error-ex": "^1.2.0"
      },
      "engines": {
        "node": ">=0.10.0"
      }
    },
    "node_modules/parse5": {
      "version": "1.5.1"
    },
    "node_modules/path-exists": {
      "version": "2.1.0",
      "license": "MIT",
      "dependencies": {
        "pinkie-promise": "^2.0.0"
      },
      "engines": {
        "node": ">=0.10.0"
      }
    },
    "node_modules/path-parse": {
      "version": "1.0.7",
      "license": "MIT"
    },
    "node_modules/path-type": {
      "version": "1.1.0",
      "license": "MIT",
      "dependencies": {
        "graceful-fs": "^4.1.2",
        "pify": "^2.0.0",
        "pinkie-promise": "^2.0.0"
      },
      "engines": {
        "node": ">=0.10.0"
      }
    },
    "node_modules/performance-now": {
      "version": "2.1.0",
      "license": "MIT"
    },
    "node_modules/pify": {
      "version": "2.3.0",
      "license": "MIT",
      "engines": {
        "node": ">=0.10.0"
      }
    },
    "node_modules/pinkie": {
      "version": "2.0.4",
      "license": "MIT",
      "engines": {
        "node": ">=0.10.0"
      }
    },
    "node_modules/pinkie-promise": {
      "version": "2.0.1",
      "license": "MIT",
      "dependencies": {
        "pinkie": "^2.0.0"
      },
      "engines": {
        "node": ">=0.10.0"
      }
    },
    "node_modules/pkg-conf": {
      "version": "1.1.3",
      "license": "MIT",
      "dependencies": {
        "find-up": "^1.0.0",
        "load-json-file": "^1.1.0",
        "object-assign": "^4.0.1",
        "symbol": "^0.2.1"
      },
      "engines": {
        "node": ">=0.10.0"
      }
    },
    "node_modules/promise": {
      "version": "7.3.1",
      "license": "MIT",
      "dependencies": {
        "asap": "~2.0.3"
      }
    },
    "node_modules/psl": {
      "version": "1.15.0",
      "license": "MIT",
      "dependencies": {
        "punycode": "^2.3.1"
      },
      "funding": {
        "url": "https://github.com/sponsors/lupomontero"
      }
    },
    "node_modules/punycode": {
      "version": "2.3.1",
      "license": "MIT",
      "engines": {
        "node": ">=6"
      }
    },
    "node_modules/qs": {
      "version": "6.5.5",
      "license": "BSD-3-Clause",
      "engines": {
        "node": ">=0.6"
      }
    },
    "node_modules/react": {
      "version": "15.4.2",
      "license": "BSD-3-Clause",
      "dependencies": {
        "fbjs": "^0.8.4",
        "loose-envify": "^1.1.0",
        "object-assign": "^4.1.0"
      },
      "engines": {
        "node": ">=0.10.0"
      }
    },
    "node_modules/react-dom": {
      "version": "15.4.2",
      "license": "BSD-3-Clause",
      "dependencies": {
        "fbjs": "^0.8.1",
        "loose-envify": "^1.1.0",
        "object-assign": "^4.1.0"
      },
      "peerDependencies": {
        "react": "^15.4.2"
      }
    },
    "node_modules/read-pkg": {
      "version": "1.1.0",
      "license": "MIT",
      "dependencies": {
        "load-json-file": "^1.0.0",
        "normalize-package-data": "^2.3.2",
        "path-type": "^1.0.0"
      },
      "engines": {
        "node": ">=0.10.0"
      }
    },
    "node_modules/read-pkg-up": {
      "version": "1.0.1",
      "license": "MIT",
      "dependencies": {
        "find-up": "^1.0.0",
        "read-pkg": "^1.0.0"
      },
      "engines": {
        "node": ">=0.10.0"
      }
    },
    "node_modules/readable-stream": {
      "version": "3.6.2",
      "license": "MIT",
      "dependencies": {
        "inherits": "^2.0.3",
        "string_decoder": "^1.1.1",
        "util-deprecate": "^1.0.1"
      },
      "engines": {
        "node": ">= 6"
      }
    },
    "node_modules/request": {
      "version": "2.88.2",
      "license": "Apache-2.0",
      "dependencies": {
        "aws-sign2": "~0.7.0",
        "aws4": "^1.8.0",
        "caseless": "~0.12.0",
        "combined-stream": "~1.0.6",
        "extend": "~3.0.2",
        "forever-agent": "~0.6.1",
        "form-data": "~2.3.2",
        "har-validator": "~5.1.3",
        "http-signature": "~1.2.0",
        "is-typedarray": "~1.0.0",
        "isstream": "~0.1.2",
        "json-stringify-safe": "~5.0.1",
        "mime-types": "~2.1.19",
        "oauth-sign": "~0.9.0",
        "performance-now": "^2.1.0",
        "qs": "~6.5.2",
        "safe-buffer": "^5.1.2",
        "tough-cookie": "~2.5.0",
        "tunnel-agent": "^0.6.0",
        "uuid": "^3.3.2"
      },
      "engines": {
        "node": ">= 6"
      }
    },
    "node_modules/request/node_modules/tough-cookie": {
      "version": "2.5.0",
      "license": "BSD-3-Clause",
      "dependencies": {
        "psl": "^1.1.28",
        "punycode": "^2.1.1"
      },
      "engines": {
        "node": ">=0.8"
      }
    },
    "node_modules/require-main-filename": {
      "version": "1.0.1",
      "license": "ISC"
    },
    "node_modules/resolve": {
      "version": "1.22.12",
      "license": "MIT",
      "dependencies": {
        "es-errors": "^1.3.0",
        "is-core-module": "^2.16.1",
        "path-parse": "^1.0.7",
        "supports-preserve-symlinks-flag": "^1.0.0"
      },
      "bin": {
        "resolve": "bin/resolve"
      },
      "engines": {
        "node": ">= 0.4"
      },
      "funding": {
        "url": "https://github.com/sponsors/ljharb"
      }
    },
    "node_modules/safe-buffer": {
      "version": "5.2.1",
      "funding": [
        {
          "type": "github",
          "url": "https://github.com/sponsors/feross"
        },
        {
          "type": "patreon",
          "url": "https://www.patreon.com/feross"
        },
        {
          "type": "consulting",
          "url": "https://feross.org/support"
        }
      ],
      "license": "MIT"
    },
    "node_modules/safer-buffer": {
      "version": "2.1.2",
      "license": "MIT"
    },
    "node_modules/semver": {
      "version": "5.7.2",
      "license": "ISC",
      "bin": {
        "semver": "bin/semver"
      }
    },
    "node_modules/setimmediate": {
      "version": "1.0.5",
      "license": "MIT"
    },
    "node_modules/spdx-correct": {
      "version": "3.2.0",
      "license": "Apache-2.0",
      "dependencies": {
        "spdx-expression-parse": "^3.0.0",
        "spdx-license-ids": "^3.0.0"
      }
    },
    "node_modules/spdx-exceptions": {
      "version": "2.5.0",
      "license": "CC-BY-3.0"
    },
    "node_modules/spdx-expression-parse": {
      "version": "3.0.1",
      "license": "MIT",
      "dependencies": {
        "spdx-exceptions": "^2.1.0",
        "spdx-license-ids": "^3.0.0"
      }
    },
    "node_modules/spdx-license-ids": {
      "version": "3.0.23",
      "license": "CC0-1.0"
    },
    "node_modules/sshpk": {
      "version": "1.18.0",
      "license": "MIT",
      "dependencies": {
        "asn1": "~0.2.3",
        "assert-plus": "^1.0.0",
        "bcrypt-pbkdf": "^1.0.0",
        "dashdash": "^1.12.0",
        "ecc-jsbn": "~0.1.1",
        "getpass": "^0.1.1",
        "jsbn": "~0.1.0",
        "safer-buffer": "^2.0.2",
        "tweetnacl": "~0.14.0"
      },
      "bin": {
        "sshpk-conv": "bin/sshpk-conv",
        "sshpk-sign": "bin/sshpk-sign",
        "sshpk-verify": "bin/sshpk-verify"
      },
      "engines": {
        "node": ">=0.10.0"
      }
    },
    "node_modules/string_decoder": {
      "version": "1.3.0",
      "license": "MIT",
      "dependencies": {
        "safe-buffer": "~5.2.0"
      }
    },
    "node_modules/string-width": {
      "version": "1.0.2",
      "license": "MIT",
      "dependencies": {
        "code-point-at": "^1.0.0",
        "is-fullwidth-code-point": "^1.0.0",
        "strip-ansi": "^3.0.0"
      },
      "engines": {
        "node": ">=0.10.0"
      }
    },
    "node_modules/strip-ansi": {
      "version": "3.0.1",
      "license": "MIT",
      "dependencies": {
        "ansi-regex": "^2.0.0"
      },
      "engines": {
        "node": ">=0.10.0"
      }
    },
    "node_modules/strip-bom": {
      "version": "2.0.0",
      "license": "MIT",
      "dependencies": {
        "is-utf8": "^0.2.0"
      },
      "engines": {
        "node": ">=0.10.0"
      }
    },
    "node_modules/supports-preserve-symlinks-flag": {
      "version": "1.0.0",
      "license": "MIT",
      "engines": {
        "node": ">= 0.4"
      },
      "funding": {
        "url": "https://github.com/sponsors/ljharb"
      }
    },
    "node_modules/symbol": {
      "version": "0.2.3",
      "license": "MPLv2.0"
    },
    "node_modules/tunnel-agent": {
      "version": "0.6.0",
      "license": "Apache-2.0",
      "dependencies": {
        "safe-buffer": "^5.0.1"
      },
      "engines": {
        "node": "*"
      }
    },
    "node_modules/tweetnacl": {
      "version": "0.14.5",
      "license": "Unlicense"
    },
    "node_modules/ua-parser-js": {
      "version": "0.7.41",
      "funding": [
        {
          "type": "opencollective",
          "url": "https://opencollective.com/ua-parser-js"
        },
        {
          "type": "paypal",
          "url": "https://paypal.me/faisalman"
        },
        {
          "type": "github",
          "url": "https://github.com/sponsors/faisalman"
        }
      ],
      "license": "MIT",
      "bin": {
        "ua-parser-js": "script/cli.js"
      },
      "engines": {
        "node": "*"
      }
    },
    "node_modules/uri-js": {
      "version": "4.4.1",
      "license": "BSD-2-Clause",
      "dependencies": {
        "punycode": "^2.1.0"
      }
    },
    "node_modules/util-deprecate": {
      "version": "1.0.2",
      "license": "MIT"
    },
    "node_modules/uuid": {
      "version": "3.4.0",
      "license": "MIT",
      "bin": {
        "uuid": "bin/uuid"
      }
    },
    "node_modules/validate-npm-package-license": {
      "version": "3.0.4",
      "license": "Apache-2.0",
      "dependencies": {
        "spdx-correct": "^3.0.0",
        "spdx-expression-parse": "^3.0.0"
      }
    },
    "node_modules/verror": {
      "version": "1.10.0",
      "engines": [
        "node >=0.6.0"
      ],
      "license": "MIT",
      "dependencies": {
        "assert-plus": "^1.0.0",
        "core-util-is": "1.0.2",
        "extsprintf": "^1.2.0"
      }
    },
    "node_modules/whatwg-fetch": {
      "version": "3.6.20",
      "license": "MIT"
    },
    "node_modules/window-size": {
      "version": "0.2.0",
      "license": "MIT",
      "bin": {
        "window-size": "cli.js"
      },
      "engines": {
        "node": ">= 0.10.0"
      }
    },
    "node_modules/wrap-ansi": {
      "version": "2.1.0",
      "license": "MIT",
      "dependencies": {
        "string-width": "^1.0.1",
        "strip-ansi": "^3.0.1"
      },
      "engines": {
        "node": ">=0.10.0"
      }
    },
    "node_modules/xml-name-validator": {
      "version": "1.0.0",
      "license": "WTFPL"
    },
    "node_modules/xmlhttprequest": {
      "version": "1.8.0",
      "license": "MIT",
      "engines": {
        "node": ">=0.4.0"
      }
    },
    "node_modules/y18n": {
      "version": "3.2.2",
      "license": "ISC"
    },
    "node_modules/yargs": {
      "version": "4.6.0",
      "license": "MIT",
      "dependencies": {
        "camelcase": "^2.0.1",
        "cliui": "^3.2.0",
        "decamelize": "^1.1.1",
        "lodash.assign": "^4.0.3",
        "os-locale": "^1.4.0",
        "pkg-conf": "^1.1.2",
        "read-pkg-up": "^1.0.1",
        "require-main-filename": "^1.0.1",
        "string-width": "^1.0.1",
        "window-size": "^0.2.0",
        "y18n": "^3.2.1",
        "yargs-parser": "^2.4.0"
      }
    },
    "node_modules/yargs-parser": {
      "version": "2.4.1",
      "license": "ISC",
      "dependencies": {
        "camelcase": "^3.0.0",
        "lodash.assign": "^4.0.6"
      }
    },
    "node_modules/yargs-parser/node_modules/camelcase": {
      "version": "3.0.0",
      "license": "MIT",
      "engines": {
        "node": ">=0.10.0"
      }
    }
  }
}
